// !$*UTF8*$!
{
	archiveVersion = 1;
	classes = {
	};
	objectVersion = 50;
	objects = {

/* Begin PBXBuildFile section */
		8F0AB8B2249C8C46009F3E02 /* AppDelegate.m in Sources */ = {isa = PBXBuildFile; fileRef = 8F0AB8B1249C8C46009F3E02 /* AppDelegate.m */; };
		8F0AB8B5249C8C46009F3E02 /* SceneDelegate.m in Sources */ = {isa = PBXBuildFile; fileRef = 8F0AB8B4249C8C46009F3E02 /* SceneDelegate.m */; };
		8F0AB8B8249C8C46009F3E02 /* ViewController.m in Sources */ = {isa = PBXBuildFile; fileRef = 8F0AB8B7249C8C46009F3E02 /* ViewController.m */; };
		8F0AB8BB249C8C46009F3E02 /* Main.storyboard in Resources */ = {isa = PBXBuildFile; fileRef = 8F0AB8B9249C8C46009F3E02 /* Main.storyboard */; };
		8F0AB8BD249C8C48009F3E02 /* Assets.xcassets in Resources */ = {isa = PBXBuildFile; fileRef = 8F0AB8BC249C8C48009F3E02 /* Assets.xcassets */; };
		8F0AB8C0249C8C48009F3E02 /* LaunchScreen.storyboard in Resources */ = {isa = PBXBuildFile; fileRef = 8F0AB8BE249C8C48009F3E02 /* LaunchScreen.storyboard */; };
		8F0AB8C3249C8C48009F3E02 /* main.m in Sources */ = {isa = PBXBuildFile; fileRef = 8F0AB8C2249C8C48009F3E02 /* main.m */; };
		8F0AB8CD249C8CC7009F3E02 /* BottomSheetViewController.xib in Resources */ = {isa = PBXBuildFile; fileRef = 8F0AB8CB249C8CC7009F3E02 /* BottomSheetViewController.xib */; };
		8F0AB8CE249C8CC7009F3E02 /* BottomSheetViewController.m in Sources */ = {isa = PBXBuildFile; fileRef = 8F0AB8CC249C8CC7009F3E02 /* BottomSheetViewController.m */; };
/* End PBXBuildFile section */

/* Begin PBXFileReference section */
		8F0AB8AD249C8C46009F3E02 /* CardViewObjC.app */ = {isa = PBXFileReference; explicitFileType = wrapper.application; includeInIndex = 0; path = CardViewObjC.app; sourceTree = BUILT_PRODUCTS_DIR; };
		8F0AB8B0249C8C46009F3E02 /* AppDelegate.h */ = {isa = PBXFileReference; lastKnownFileType = sourcecode.c.h; path = AppDelegate.h; sourceTree = "<group>"; };
		8F0AB8B1249C8C46009F3E02 /* AppDelegate.m */ = {isa = PBXFileReference; lastKnownFileType = sourcecode.c.objc; path = AppDelegate.m; sourceTree = "<group>"; };
		8F0AB8B3249C8C46009F3E02 /* SceneDelegate.h */ = {isa = PBXFileReference; lastKnownFileType = sourcecode.c.h; path = SceneDelegate.h; sourceTree = "<group>"; };
		8F0AB8B4249C8C46009F3E02 /* SceneDelegate.m */ = {isa = PBXFileReference; lastKnownFileType = sourcecode.c.objc; path = SceneDelegate.m; sourceTree = "<group>"; };
		8F0AB8B6249C8C46009F3E02 /* ViewController.h */ = {isa = PBXFileReference; lastKnownFileType = sourcecode.c.h; path = ViewController.h; sourceTree = "<group>"; };
		8F0AB8B7249C8C46009F3E02 /* ViewController.m */ = {isa = PBXFileReference; lastKnownFileType = sourcecode.c.objc; path = ViewController.m; sourceTree = "<group>"; };
		8F0AB8BA249C8C46009F3E02 /* Base */ = {isa = PBXFileReference; lastKnownFileType = file.storyboard; name = Base; path = Base.lproj/Main.storyboard; sourceTree = "<group>"; };
		8F0AB8BC249C8C48009F3E02 /* Assets.xcassets */ = {isa = PBXFileReference; lastKnownFileType = folder.assetcatalog; path = Assets.xcassets; sourceTree = "<group>"; };
		8F0AB8BF249C8C48009F3E02 /* Base */ = {isa = PBXFileReference; lastKnownFileType = file.storyboard; name = Base; path = Base.lproj/LaunchScreen.storyboard; sourceTree = "<group>"; };
		8F0AB8C1249C8C48009F3E02 /* Info.plist */ = {isa = PBXFileReference; lastKnownFileType = text.plist.xml; path = Info.plist; sourceTree = "<group>"; };
		8F0AB8C2249C8C48009F3E02 /* main.m */ = {isa = PBXFileReference; lastKnownFileType = sourcecode.c.objc; path = main.m; sourceTree = "<group>"; };
		8F0AB8CA249C8CC7009F3E02 /* BottomSheetViewController.h */ = {isa = PBXFileReference; fileEncoding = 4; lastKnownFileType = sourcecode.c.h; path = BottomSheetViewController.h; sourceTree = "<group>"; };
		8F0AB8CB249C8CC7009F3E02 /* BottomSheetViewController.xib */ = {isa = PBXFileReference; fileEncoding = 4; lastKnownFileType = file.xib; path = BottomSheetViewController.xib; sourceTree = "<group>"; };
		8F0AB8CC249C8CC7009F3E02 /* BottomSheetViewController.m */ = {isa = PBXFileReference; fileEncoding = 4; lastKnownFileType = sourcecode.c.objc; path = BottomSheetViewController.m; sourceTree = "<group>"; };
/* End PBXFileReference section */

/* Begin PBXFrameworksBuildPhase section */
		8F0AB8AA249C8C46009F3E02 /* Frameworks */ = {
			isa = PBXFrameworksBuildPhase;
			buildActionMask = 2147483647;
			files = (
			);
			runOnlyForDeploymentPostprocessing = 0;
		};
/* End PBXFrameworksBuildPhase section */

/* Begin PBXGroup section */
		8F0AB8A4249C8C46009F3E02 = {
			isa = PBXGroup;
			children = (
				8F0AB8AF249C8C46009F3E02 /* CardViewObjC */,
				8F0AB8AE249C8C46009F3E02 /* Products */,
			);
			sourceTree = "<group>";
		};
		8F0AB8AE249C8C46009F3E02 /* Products */ = {
			isa = PBXGroup;
			children = (
				8F0AB8AD249C8C46009F3E02 /* CardViewObjC.app */,
			);
			name = Products;
			sourceTree = "<group>";
		};
		8F0AB8AF249C8C46009F3E02 /* CardViewObjC */ = {
			isa = PBXGroup;
			children = (
				8F0AB8C9249C8CC7009F3E02 /* BottomSheet */,
				8F0AB8B0249C8C46009F3E02 /* AppDelegate.h */,
				8F0AB8B1249C8C46009F3E02 /* AppDelegate.m */,
				8F0AB8B3249C8C46009F3E02 /* SceneDelegate.h */,
				8F0AB8B4249C8C46009F3E02 /* SceneDelegate.m */,
				8F0AB8B6249C8C46009F3E02 /* ViewController.h */,
				8F0AB8B7249C8C46009F3E02 /* ViewController.m */,
				8F0AB8B9249C8C46009F3E02 /* Main.storyboard */,
				8F0AB8BC249C8C48009F3E02 /* Assets.xcassets */,
				8F0AB8BE249C8C48009F3E02 /* LaunchScreen.storyboard */,
				8F0AB8C1249C8C48009F3E02 /* Info.plist */,
				8F0AB8C2249C8C48009F3E02 /* main.m */,
			);
			path = CardViewObjC;
			sourceTree = "<group>";
		};
		8F0AB8C9249C8CC7009F3E02 /* BottomSheet */ = {
			isa = PBXGroup;
			children = (
				8F0AB8CB249C8CC7009F3E02 /* BottomSheetViewController.xib */,
				8F0AB8CA249C8CC7009F3E02 /* BottomSheetViewController.h */,
				8F0AB8CC249C8CC7009F3E02 /* BottomSheetViewController.m */,
			);
			path = BottomSheet;
			sourceTree = "<group>";
		};
/* End PBXGroup section */

/* Begin PBXNativeTarget section */
		8F0AB8AC249C8C46009F3E02 /* CardViewObjC */ = {
			isa = PBXNativeTarget;
			buildConfigurationList = 8F0AB8C6249C8C48009F3E02 /* Build configuration list for PBXNativeTarget "CardViewObjC" */;
			buildPhases = (
				8F0AB8A9249C8C46009F3E02 /* Sources */,
				8F0AB8AA249C8C46009F3E02 /* Frameworks */,
				8F0AB8AB249C8C46009F3E02 /* Resources */,
			);
			buildRules = (
			);
			dependencies = (
			);
			name = CardViewObjC;
			productName = CardViewObjC;
			productReference = 8F0AB8AD249C8C46009F3E02 /* CardViewObjC.app */;
			productType = "com.apple.product-type.application";
		};
/* End PBXNativeTarget section */

/* Begin PBXProject section */
		8F0AB8A5249C8C46009F3E02 /* Project object */ = {
			isa = PBXProject;
			attributes = {
				LastUpgradeCheck = 1150;
				ORGANIZATIONNAME = Phineas;
				TargetAttributes = {
					8F0AB8AC249C8C46009F3E02 = {
						CreatedOnToolsVersion = 11.5;
					};
				};
			};
			buildConfigurationList = 8F0AB8A8249C8C46009F3E02 /* Build configuration list for PBXProject "CardViewObjC" */;
			compatibilityVersion = "Xcode 9.3";
			developmentRegion = en;
			hasScannedForEncodings = 0;
			knownRegions = (
				en,
				Base,
			);
			mainGroup = 8F0AB8A4249C8C46009F3E02;
			productRefGroup = 8F0AB8AE249C8C46009F3E02 /* Products */;
			projectDirPath = "";
			projectRoot = "";
			targets = (
				8F0AB8AC249C8C46009F3E02 /* CardViewObjC */,
			);
		};
/* End PBXProject section */

/* Begin PBXResourcesBuildPhase section */
		8F0AB8AB249C8C46009F3E02 /* Resources */ = {
			isa = PBXResourcesBuildPhase;
			buildActionMask = 2147483647;
			files = (
				8F0AB8C0249C8C48009F3E02 /* LaunchScreen.storyboard in Resources */,
				8F0AB8BD249C8C48009F3E02 /* Assets.xcassets in Resources */,
				8F0AB8BB249C8C46009F3E02 /* Main.storyboard in Resources */,
				8F0AB8CD249C8CC7009F3E02 /* BottomSheetViewController.xib in Resources */,
			);
			runOnlyForDeploymentPostprocessing = 0;
		};
/* End PBXResourcesBuildPhase section */

/* Begin PBXSourcesBuildPhase section */
		8F0AB8A9249C8C46009F3E02 /* Sources */ = {
			isa = PBXSourcesBuildPhase;
			buildActionMask = 2147483647;
			files = (
				8F0AB8B8249C8C46009F3E02 /* ViewController.m in Sources */,
				8F0AB8B2249C8C46009F3E02 /* AppDelegate.m in Sources */,
				8F0AB8CE249C8CC7009F3E02 /* BottomSheetViewController.m in Sources */,
				8F0AB8C3249C8C48009F3E02 /* main.m in Sources */,
				8F0AB8B5249C8C46009F3E02 /* SceneDelegate.m in Sources */,
			);
			runOnlyForDeploymentPostprocessing = 0;
		};
/* End PBXSourcesBuildPhase section */

/* Begin PBXVariantGroup section */
		8F0AB8B9249C8C46009F3E02 /* Main.storyboard */ = {
			isa = PBXVariantGroup;
			children = (
				8F0AB8BA249C8C46009F3E02 /* Base */,
			);
			name = Main.storyboard;
			sourceTree = "<group>";
		};
		8F0AB8BE249C8C48009F3E02 /* LaunchScreen.storyboard */ = {
			isa = PBXVariantGroup;
			children = (
				8F0AB8BF249C8C48009F3E02 /* Base */,
			);
			name = LaunchScreen.storyboard;
			sourceTree = "<group>";
		};
/* End PBXVariantGroup section */

/* Begin XCBuildConfiguration section */
		8F0AB8C4249C8C48009F3E02 /* Debug */ = {
			isa = XCBuildConfiguration;
			buildSettings = {
				ALWAYS_SEARCH_USER_PATHS = NO;
				CLANG_ANALYZER_NONNULL = YES;
				CLANG_ANALYZER_NUMBER_OBJECT_CONVERSION = YES_AGGRESSIVE;
				CLANG_CXX_LANGUAGE_STANDARD = "gnu++14";
				CLANG_CXX_LIBRARY = "libc++";
				CLANG_ENABLE_MODULES = YES;
				CLANG_ENABLE_OBJC_ARC = YES;
				CLANG_ENABLE_OBJC_WEAK = YES;
				CLANG_WARN_BLOCK_CAPTURE_AUTORELEASING = YES;
				CLANG_WARN_BOOL_CONVERSION = YES;
				CLANG_WARN_COMMA = YES;
				CLANG_WARN_CONSTANT_CONVERSION = YES;
				CLANG_WARN_DEPRECATED_OBJC_IMPLEMENTATIONS = YES;
				CLANG_WARN_DIRECT_OBJC_ISA_USAGE = YES_ERROR;
				CLANG_WARN_DOCUMENTATION_COMMENTS = YES;
				CLANG_WARN_EMPTY_BODY = YES;
				CLANG_WARN_ENUM_CONVERSION = YES;
				CLANG_WARN_INFINITE_RECURSION = YES;
				CLANG_WARN_INT_CONVERSION = YES;
				CLANG_WARN_NON_LITERAL_NULL_CONVERSION = YES;
				CLANG_WARN_OBJC_IMPLICIT_RETAIN_SELF = YES;
				CLANG_WARN_OBJC_LITERAL_CONVERSION = YES;
				CLANG_WARN_OBJC_ROOT_CLASS = YES_ERROR;
				CLANG_WARN_RANGE_LOOP_ANALYSIS = YES;
				CLANG_WARN_STRICT_PROTOTYPES = YES;
				CLANG_WARN_SUSPICIOUS_MOVE = YES;
				CLANG_WARN_UNGUARDED_AVAILABILITY = YES_AGGRESSIVE;
				CLANG_WARN_UNREACHABLE_CODE = YES;
				CLANG_WARN__DUPLICATE_METHOD_MATCH = YES;
				COPY_PHASE_STRIP = NO;
				DEBUG_INFORMATION_FORMAT = dwarf;
				ENABLE_STRICT_OBJC_MSGSEND = YES;
				ENABLE_TESTABILITY = YES;
				GCC_C_LANGUAGE_STANDARD = gnu11;
				GCC_DYNAMIC_NO_PIC = NO;
				GCC_NO_COMMON_BLOCKS = YES;
				GCC_OPTIMIZATION_LEVEL = 0;
				GCC_PREPROCESSOR_DEFINITIONS = (
					"DEBUG=1",
					"$(inherited)",
				);
				GCC_WARN_64_TO_32_BIT_CONVERSION = YES;
				GCC_WARN_ABOUT_RETURN_TYPE = YES_ERROR;
				GCC_WARN_UNDECLARED_SELECTOR = YES;
				GCC_WARN_UNINITIALIZED_AUTOS = YES_AGGRESSIVE;
				GCC_WARN_UNUSED_FUNCTION = YES;
				GCC_WARN_UNUSED_VARIABLE = YES;
				IPHONEOS_DEPLOYMENT_TARGET = 13.4;
				MTL_ENABLE_DEBUG_INFO = INCLUDE_SOURCE;
				MTL_FAST_MATH = YES;
				ONLY_ACTIVE_ARCH = YES;
				SDKROOT = iphoneos;
			};
			name = Debug;
		};
		8F0AB8C5249C8C48009F3E02 /* Release */ = {
			isa = XCBuildConfiguration;
			buildSettings = {
				ALWAYS_SEARCH_USER_PATHS = NO;
				CLANG_ANALYZER_NONNULL = YES;
				CLANG_ANALYZER_NUMBER_OBJECT_CONVERSION = YES_AGGRESSIVE;
				CLANG_CXX_LANGUAGE_STANDARD = "gnu++14";
				CLANG_CXX_LIBRARY = "libc++";
				CLANG_ENABLE_MODULES = YES;
				CLANG_ENABLE_OBJC_ARC = YES;
				CLANG_ENABLE_OBJC_WEAK = YES;
				CLANG_WARN_BLOCK_CAPTURE_AUTORELEASING = YES;
				CLANG_WARN_BOOL_CONVERSION = YES;
				CLANG_WARN_COMMA = YES;
				CLANG_WARN_CONSTANT_CONVERSION = YES;
				CLANG_WARN_DEPRECATED_OBJC_IMPLEMENTATIONS = YES;
				CLANG_WARN_DIRECT_OBJC_ISA_USAGE = YES_ERROR;
				CLANG_WARN_DOCUMENTATION_COMMENTS = YES;
				CLANG_WARN_EMPTY_BODY = YES;
				CLANG_WARN_ENUM_CONVERSION = YES;
				CLANG_WARN_INFINITE_RECURSION = YES;
				CLANG_WARN_INT_CONVERSION = YES;
				CLANG_WARN_NON_LITERAL_NULL_CONVERSION = YES;
				CLANG_WARN_OBJC_IMPLICIT_RETAIN_SELF = YES;
				CLANG_WARN_OBJC_LITERAL_CONVERSION = YES;
				CLANG_WARN_OBJC_ROOT_CLASS = YES_ERROR;
				CLANG_WARN_RANGE_LOOP_ANALYSIS = YES;
				CLANG_WARN_STRICT_PROTOTYPES = YES;
				CLANG_WARN_SUSPICIOUS_MOVE = YES;
				CLANG_WARN_UNGUARDED_AVAILABILITY = YES_AGGRESSIVE;
				CLANG_WARN_UNREACHABLE_CODE = YES;
				CLANG_WARN__DUPLICATE_METHOD_MATCH = YES;
				COPY_PHASE_STRIP = NO;
				DEBUG_INFORMATION_FORMAT = "dwarf-with-dsym";
				ENABLE_NS_ASSERTIONS = NO;
				ENABLE_STRICT_OBJC_MSGSEND = YES;
				GCC_C_LANGUAGE_STANDARD = gnu11;
				GCC_NO_COMMON_BLOCKS = YES;
				GCC_WARN_64_TO_32_BIT_CONVERSION = YES;
				GCC_WARN_ABOUT_RETURN_TYPE = YES_ERROR;
				GCC_WARN_UNDECLARED_SELECTOR = YES;
				GCC_WARN_UNINITIALIZED_AUTOS = YES_AGGRESSIVE;
				GCC_WARN_UNUSED_FUNCTION = YES;
				GCC_WARN_UNUSED_VARIABLE = YES;
				IPHONEOS_DEPLOYMENT_TARGET = 13.4;
				MTL_ENABLE_DEBUG_INFO = NO;
				MTL_FAST_MATH = YES;
				SDKROOT = iphoneos;
				VALIDATE_PRODUCT = YES;
			};
			name = Release;
		};
		8F0AB8C7249C8C48009F3E02 /* Debug */ = {
			isa = XCBuildConfiguration;
			buildSettings = {
				ASSETCATALOG_COMPILER_APPICON_NAME = AppIcon;
				CODE_SIGN_STYLE = Automatic;
				DEVELOPMENT_TEAM = 6VAZGSKA8H;
				INFOPLIST_FILE = CardViewObjC/Info.plist;
				LD_RUNPATH_SEARCH_PATHS = (
					"$(inherited)",
					"@executable_path/Frameworks",
				);
				PRODUCT_BUNDLE_IDENTIFIER = com.gintyy.test.CardViewObjC;
				PRODUCT_NAME = "$(TARGET_NAME)";
				TARGETED_DEVICE_FAMILY = "1,2";
			};
			name = Debug;
		};
		8F0AB8C8249C8C48009F3E02 /* Release */ = {
			isa = XCBuildConfiguration;
			buildSettings = {
				ASSETCATALOG_COMPILER_APPICON_NAME = AppIcon;
				CODE_SIGN_STYLE = Automatic;
				DEVELOPMENT_TEAM = 6VAZGSKA8H;
				INFOPLIST_FILE = CardViewObjC/Info.plist;
				LD_RUNPATH_SEARCH_PATHS = (
					"$(inherited)",
					"@executable_path/Frameworks",
				);
				PRODUCT_BUNDLE_IDENTIFIER = com.gintyy.test.CardViewObjC;
				PRODUCT_NAME = "$(TARGET_NAME)";
				TARGETED_DEVICE_FAMILY = "1,2";
			};
			name = Release;
		};
/* End XCBuildConfiguration section */

/* Begin XCConfigurationList section */
		8F0AB8A8249C8C46009F3E02 /* Build configuration list for PBXProject "CardViewObjC" */ = {
			isa = XCConfigurationList;
			buildConfigurations = (
				8F0AB8C4249C8C48009F3E02 /* Debug */,
				8F0AB8C5249C8C48009F3E02 /* Release */,
			);
			defaultConfigurationIsVisible = 0;
			defaultConfigurationName = Release;
		};
		8F0AB8C6249C8C48009F3E02 /* Build configuration list for PBXNativeTarget "CardViewObjC" */ = {
			isa = XCConfigurationList;
			buildConfigurations = (
				8F0AB8C7249C8C48009F3E02 /* Debug */,
				8F0AB8C8249C8C48009F3E02 /* Release */,
			);
			defaultConfigurationIsVisible = 0;
			defaultConfigurationName = Release;
		};
/* End XCConfigurationList section */
	};
	rootObject = 8F0AB8A5249C8C46009F3E02 /* Project object */;
}
